{
  "name": "Szakdolgozat-2024-frontend",
  "lockfileVersion": 3,
  "requires": true,
  "packages": {
    "": {
      "dependencies": {
        "highcharts": "^11.4.0",
        "highcharts-angular": "^4.0.0"
      }
    },
    "node_modules/@angular/common": {
      "version": "17.3.1",
      "resolved": "https://registry.npmjs.org/@angular/common/-/common-17.3.1.tgz",
      "integrity": "sha512-HyUTJ4RxhE3bOmFRV6Fv2y01ixbrUb8Hd4MxPm8REbNMGKsWCfXhR3FfxFL18Sc03SAF+o0Md0wwekjFKTNKfQ==",
      "peer": true,
      "dependencies": {
        "tslib": "^2.3.0"
      },
      "engines": {
        "node": "^18.13.0 || >=20.9.0"
      },
      "peerDependencies": {
        "@angular/core": "17.3.1",
        "rxjs": "^6.5.3 || ^7.4.0"
      }
    },
    "node_modules/@angular/core": {
      "version": "17.3.1",
      "resolved": "https://registry.npmjs.org/@angular/core/-/core-17.3.1.tgz",
      "integrity": "sha512-Qf3/sgkXS1LHwOTtqAVYprySrn0YpPIZqerPc0tK+hyQfwAz5BQlpcBhbH8RWKlfCY8eO0cqo/j0+e8DQOgYfg==",
      "peer": true,
      "dependencies": {
        "tslib": "^2.3.0"
      },
      "engines": {
        "node": "^18.13.0 || >=20.9.0"
      },
      "peerDependencies": {
        "rxjs": "^6.5.3 || ^7.4.0",
        "zone.js": "~0.14.0"
      }
    },
    "node_modules/highcharts": {
      "version": "11.4.0",
      "resolved": "https://registry.npmjs.org/highcharts/-/highcharts-11.4.0.tgz",
      "integrity": "sha512-f5POJz2WdHW6SNT4P2CoMjsgcX5F5sJXtdfWLQCaNP9JG0nG5TSGG7+A6vzHGzcDkTPM72EQbRQofNZHaRTUPg=="
    },
    "node_modules/highcharts-angular": {
      "version": "4.0.0",
      "resolved": "https://registry.npmjs.org/highcharts-angular/-/highcharts-angular-4.0.0.tgz",
      "integrity": "sha512-0ghWnKvab6u+AgSDR1mgmWa2RLZHeAQ1tHyfqx/8nJr6iy1NA5m6kVRERF6NAofrLQoZ0v+lNP2AlN/pim0d9A==",
      "dependencies": {
        "tslib": "^2.0.0"
      },
      "peerDependencies": {
        "@angular/common": ">=16.0.0",
        "@angular/core": ">=16.0.0",
        "highcharts": ">=9.0.0"
      }
    },
    "node_modules/rxjs": {
      "version": "7.8.1",
      "resolved": "https://registry.npmjs.org/rxjs/-/rxjs-7.8.1.tgz",
      "integrity": "sha512-AA3TVj+0A2iuIoQkWEK/tqFjBq2j+6PO6Y0zJcvzLAFhEFIO3HL0vls9hWLncZbAAbK0mar7oZ4V079I/qPMxg==",
      "peer": true,
      "dependencies": {
        "tslib": "^2.1.0"
      }
    },
    "node_modules/tslib": {
      "version": "2.6.2",
      "resolved": "https://registry.npmjs.org/tslib/-/tslib-2.6.2.tgz",
      "integrity": "sha512-AEYxH93jGFPn/a2iVAwW87VuUIkR1FVUKB77NwMF7nBTDkDrrT/Hpt/IrCJ0QXhW27jTBDcf5ZY7w6RiqTMw2Q=="
    },
    "node_modules/zone.js": {
      "version": "0.14.4",
      "resolved": "https://registry.npmjs.org/zone.js/-/zone.js-0.14.4.tgz",
      "integrity": "sha512-NtTUvIlNELez7Q1DzKVIFZBzNb646boQMgpATo9z3Ftuu/gWvzxCW7jdjcUDoRGxRikrhVHB/zLXh1hxeJawvw==",
      "peer": true,
      "dependencies": {
        "tslib": "^2.3.0"
      }
    }
  }
}
